
Microsoft Visual Studio Solution File, Format Version 12.00
# Visual Studio Version 17
VisualStudioVersion = 17.7.34024.191
MinimumVisualStudioVersion = 10.0.40219.1
Project("{FAE04EC0-301F-11D3-BF4B-00C04F79EFBC}") = "HomeWork_03-01", "HomeWork_03-01\HomeWork_03-01.csproj", "{E70F7443-B424-4B01-8E1F-264653F2F195}"
EndProject
Global
	GlobalSection(SolutionConfigurationPlatforms) = preSolution
		Debug|Any CPU = Debug|Any CPU
		Release|Any CPU = Release|Any CPU
	EndGlobalSection
	GlobalSection(ProjectConfigurationPlatforms) = postSolution
		{E70F7443-B424-4B01-8E1F-264653F2F195}.Debug|Any CPU.ActiveCfg = Debug|Any CPU
		{E70F7443-B424-4B01-8E1F-264653F2F195}.Debug|Any CPU.Build.0 = Debug|Any CPU
		{E70F7443-B424-4B01-8E1F-264653F2F195}.Release|Any CPU.ActiveCfg = Release|Any CPU
		{E70F7443-B424-4B01-8E1F-264653F2F195}.Release|Any CPU.Build.0 = Release|Any CPU
	EndGlobalSection
	GlobalSection(SolutionProperties) = preSolution
		HideSolutionNode = FALSE
	EndGlobalSection
	GlobalSection(ExtensibilityGlobals) = postSolution
		SolutionGuid = {1E201633-ABD1-499A-BE5E-6CB9DF7A01BA}
	EndGlobalSection
EndGlobal
